Microsoft Visual Studio Solution File, Format Version 11.00
# Visual Studio 2008

Project("{77416490-4AE1-38E6-763A-7C1505B4976C}") = "buildingterry", "Assembly-CSharp-firstpass.csproj", "{B4121224-B607-721D-54AE-646E049D0B03}"
EndProject
Project("{77416490-4AE1-38E6-763A-7C1505B4976C}") = "buildingterry", "Assembly-CSharp.csproj", "{04369A91-FC06-63F2-FEBA-FEF1B5459052}"
EndProject
Global
	GlobalSection(SolutionConfigurationPlatforms) = preSolution
		Debug|Any CPU = Debug|Any CPU
		Release|Any CPU = Release|Any CPU
	EndGlobalSection
	GlobalSection(ProjectConfigurationPlatforms) = postSolution
		{B4121224-B607-721D-54AE-646E049D0B03}.Debug|Any CPU.ActiveCfg = Debug|Any CPU
		{B4121224-B607-721D-54AE-646E049D0B03}.Debug|Any CPU.Build.0 = Debug|Any CPU
		{B4121224-B607-721D-54AE-646E049D0B03}.Release|Any CPU.ActiveCfg = Release|Any CPU
		{B4121224-B607-721D-54AE-646E049D0B03}.Release|Any CPU.Build.0 = Release|Any CPU
		{04369A91-FC06-63F2-FEBA-FEF1B5459052}.Debug|Any CPU.ActiveCfg = Debug|Any CPU
		{04369A91-FC06-63F2-FEBA-FEF1B5459052}.Debug|Any CPU.Build.0 = Debug|Any CPU
		{04369A91-FC06-63F2-FEBA-FEF1B5459052}.Release|Any CPU.ActiveCfg = Release|Any CPU
		{04369A91-FC06-63F2-FEBA-FEF1B5459052}.Release|Any CPU.Build.0 = Release|Any CPU
	EndGlobalSection
	GlobalSection(SolutionProperties) = preSolution
		HideSolutionNode = FALSE
	EndGlobalSection
			GlobalSection(MonoDevelopProperties) = preSolution
		StartupItem = Assembly-CSharp.csproj
		Policies = $0
		$0.TextStylePolicy = $1
		$1.inheritsSet = null
		$1.scope = text/x-csharp
		$0.CSharpFormattingPolicy = $2
		$2.inheritsSet = Mono
		$2.inheritsScope = text/x-csharp
		$2.scope = text/x-csharp
		$0.TextStylePolicy = $3
		$3.FileWidth = 120
		$3.TabWidth = 4
		$3.EolMarker = Unix
		$3.inheritsSet = Mono
		$3.inheritsScope = text/plain
		$3.scope = text/plain
	EndGlobalSection

EndGlobal
