Microsoft Visual Studio Solution File, Format Version 11.00
# Visual Studio 2008

Project("{3C85688D-8E11-91E2-3E84-805D8963D2DC}") = "First Example", "Assembly-CSharp-vs.csproj", "{A0058222-7512-75B5-6E07-B04515FFBF50}"
EndProject
Project("{3C85688D-8E11-91E2-3E84-805D8963D2DC}") = "First Example", "Assembly-CSharp-Editor-vs.csproj", "{CF2C9093-3C60-CCEC-5C70-D3A46C9B1553}"
EndProject
Global
	GlobalSection(SolutionConfigurationPlatforms) = preSolution
		Debug|Any CPU = Debug|Any CPU
		Release|Any CPU = Release|Any CPU
	EndGlobalSection
	GlobalSection(ProjectConfigurationPlatforms) = postSolution
		{A0058222-7512-75B5-6E07-B04515FFBF50}.Debug|Any CPU.ActiveCfg = Debug|Any CPU
		{A0058222-7512-75B5-6E07-B04515FFBF50}.Debug|Any CPU.Build.0 = Debug|Any CPU
		{A0058222-7512-75B5-6E07-B04515FFBF50}.Release|Any CPU.ActiveCfg = Release|Any CPU
		{A0058222-7512-75B5-6E07-B04515FFBF50}.Release|Any CPU.Build.0 = Release|Any CPU
		{CF2C9093-3C60-CCEC-5C70-D3A46C9B1553}.Debug|Any CPU.ActiveCfg = Debug|Any CPU
		{CF2C9093-3C60-CCEC-5C70-D3A46C9B1553}.Debug|Any CPU.Build.0 = Debug|Any CPU
		{CF2C9093-3C60-CCEC-5C70-D3A46C9B1553}.Release|Any CPU.ActiveCfg = Release|Any CPU
		{CF2C9093-3C60-CCEC-5C70-D3A46C9B1553}.Release|Any CPU.Build.0 = Release|Any CPU
	EndGlobalSection
	GlobalSection(SolutionProperties) = preSolution
		HideSolutionNode = FALSE
	EndGlobalSection
												GlobalSection(MonoDevelopProperties) = preSolution
		StartupItem = Assembly-CSharp.csproj
		Policies = $0
		$0.TextStylePolicy = $1
		$1.inheritsSet = null
		$1.scope = text/x-csharp
		$0.CSharpFormattingPolicy = $2
		$2.inheritsSet = Mono
		$2.inheritsScope = text/x-csharp
		$2.scope = text/x-csharp
		$0.TextStylePolicy = $3
		$3.FileWidth = 120
		$3.TabWidth = 4
		$3.EolMarker = Unix
		$3.inheritsSet = Mono
		$3.inheritsScope = text/plain
		$3.scope = text/plain
	EndGlobalSection

EndGlobal
